
Microsoft Visual Studio Solution File, Format Version 12.00
Project("{FAE04EC0-301F-11D3-BF4B-00C04F79EFBC}") = "Library", "Library\Library.csproj", "{C00757FB-FBE4-4A61-B547-2FD3588F4AEA}"
EndProject
Global
	GlobalSection(SolutionConfigurationPlatforms) = preSolution
		Debug|Any CPU = Debug|Any CPU
		Release|Any CPU = Release|Any CPU
	EndGlobalSection
	GlobalSection(ProjectConfigurationPlatforms) = postSolution
		{C00757FB-FBE4-4A61-B547-2FD3588F4AEA}.Debug|Any CPU.ActiveCfg = Debug|Any CPU
		{C00757FB-FBE4-4A61-B547-2FD3588F4AEA}.Debug|Any CPU.Build.0 = Debug|Any CPU
		{C00757FB-FBE4-4A61-B547-2FD3588F4AEA}.Release|Any CPU.ActiveCfg = Release|Any CPU
		{C00757FB-FBE4-4A61-B547-2FD3588F4AEA}.Release|Any CPU.Build.0 = Release|Any CPU
	EndGlobalSection
EndGlobal
